{
  "name": "brainshocked",
  "version": "1.0.0",
  "lockfileVersion": 2,
  "requires": true,
  "packages": {
    "": {
      "name": "brainshocked",
      "version": "1.0.0",
      "license": "GPL 3.0",
      "devDependencies": {
        "@types/node": "^16.9.1"
      }
    },
    "node_modules/@types/node": {
      "version": "16.9.1",
      "resolved": "https://repo.huaweicloud.com/repository/npm/@types/node/-/node-16.9.1.tgz",
      "integrity": "sha512-QpLcX9ZSsq3YYUUnD3nFDY8H7wctAhQj/TFKL8Ya8v5fMm3CFXxo8zStsLAl780ltoYoo1WvKUVGBQK+1ifr7g==",
      "dev": true,
      "license": "MIT"
    }
  },
  "dependencies": {
    "@types/node": {
      "version": "16.9.1",
      "resolved": "https://repo.huaweicloud.com/repository/npm/@types/node/-/node-16.9.1.tgz",
      "integrity": "sha512-QpLcX9ZSsq3YYUUnD3nFDY8H7wctAhQj/TFKL8Ya8v5fMm3CFXxo8zStsLAl780ltoYoo1WvKUVGBQK+1ifr7g==",
      "dev": true
    }
  }
}
